// !$*UTF8*$!
{
	archiveVersion = 1;
	classes = {
	};
	objectVersion = 51;
	objects = {

/* Begin PBXBuildFile section */
		07FCB47E9D120C43B71B6531 /* Pods_MyTodoApp.framework in Frameworks */ = {isa = PBXBuildFile; fileRef = 0843E641863D2C4B88F4E133 /* Pods_MyTodoApp.framework */; };
		3D702C4B25E78AB400E4F759 /* MyTodoAppApp.swift in Sources */ = {isa = PBXBuildFile; fileRef = 3D702C4A25E78AB400E4F759 /* MyTodoAppApp.swift */; };
		3D702C7025E78B8D00E4F759 /* Persistence.swift in Sources */ = {isa = PBXBuildFile; fileRef = 3D702C6F25E78B8D00E4F759 /* Persistence.swift */; };
		3D815E4625DAC045006CA8AE /* AddToDoItemView.swift in Sources */ = {isa = PBXBuildFile; fileRef = 3D815E4525DAC045006CA8AE /* AddToDoItemView.swift */; };
		3DAE516A24E3EEE5000E3284 /* MyTodoApp.xcdatamodeld in Sources */ = {isa = PBXBuildFile; fileRef = 3DAE516824E3EEE5000E3284 /* MyTodoApp.xcdatamodeld */; };
		3DAE516C24E3EEE5000E3284 /* ToDoItemListView.swift in Sources */ = {isa = PBXBuildFile; fileRef = 3DAE516B24E3EEE5000E3284 /* ToDoItemListView.swift */; };
		3DAE516E24E3EEE6000E3284 /* Assets.xcassets in Resources */ = {isa = PBXBuildFile; fileRef = 3DAE516D24E3EEE6000E3284 /* Assets.xcassets */; };
		3DAE517124E3EEE6000E3284 /* Preview Assets.xcassets in Resources */ = {isa = PBXBuildFile; fileRef = 3DAE517024E3EEE6000E3284 /* Preview Assets.xcassets */; };
		3DAE517424E3EEE6000E3284 /* LaunchScreen.storyboard in Resources */ = {isa = PBXBuildFile; fileRef = 3DAE517224E3EEE6000E3284 /* LaunchScreen.storyboard */; };
		3DBCB06D25E795B300F6440C /* ToDoCoreDataClass.swift in Sources */ = {isa = PBXBuildFile; fileRef = 3DBCB06C25E795B300F6440C /* ToDoCoreDataClass.swift */; };
		3DBCB07025E795DE00F6440C /* ToDoCoreDataProperties.swift in Sources */ = {isa = PBXBuildFile; fileRef = 3DBCB06F25E795DE00F6440C /* ToDoCoreDataProperties.swift */; };
/* End PBXBuildFile section */

/* Begin PBXFileReference section */
		0843E641863D2C4B88F4E133 /* Pods_MyTodoApp.framework */ = {isa = PBXFileReference; explicitFileType = wrapper.framework; includeInIndex = 0; path = Pods_MyTodoApp.framework; sourceTree = BUILT_PRODUCTS_DIR; };
		3D4A6CF85BC2F29CACC8CE73 /* Pods-MyTodoApp.release.xcconfig */ = {isa = PBXFileReference; includeInIndex = 1; lastKnownFileType = text.xcconfig; name = "Pods-MyTodoApp.release.xcconfig"; path = "Target Support Files/Pods-MyTodoApp/Pods-MyTodoApp.release.xcconfig"; sourceTree = "<group>"; };
		3D702C4A25E78AB400E4F759 /* MyTodoAppApp.swift */ = {isa = PBXFileReference; lastKnownFileType = sourcecode.swift; path = MyTodoAppApp.swift; sourceTree = "<group>"; };
		3D702C6F25E78B8D00E4F759 /* Persistence.swift */ = {isa = PBXFileReference; lastKnownFileType = sourcecode.swift; path = Persistence.swift; sourceTree = "<group>"; };
		3D815E4525DAC045006CA8AE /* AddToDoItemView.swift */ = {isa = PBXFileReference; lastKnownFileType = sourcecode.swift; path = AddToDoItemView.swift; sourceTree = "<group>"; };
		3D8F400025E537CD0069D221 /* MyTodoApp.entitlements */ = {isa = PBXFileReference; lastKnownFileType = text.plist.entitlements; path = MyTodoApp.entitlements; sourceTree = "<group>"; };
		3DAE516124E3EEE5000E3284 /* MyTodoApp.app */ = {isa = PBXFileReference; explicitFileType = wrapper.application; includeInIndex = 0; path = MyTodoApp.app; sourceTree = BUILT_PRODUCTS_DIR; };
		3DAE516924E3EEE5000E3284 /* MyTodoApp.xcdatamodel */ = {isa = PBXFileReference; explicitFileType = wrapper.xcdatamodel; path = MyTodoApp.xcdatamodel; sourceTree = "<group>"; };
		3DAE516B24E3EEE5000E3284 /* ToDoItemListView.swift */ = {isa = PBXFileReference; lastKnownFileType = sourcecode.swift; path = ToDoItemListView.swift; sourceTree = "<group>"; };
		3DAE516D24E3EEE6000E3284 /* Assets.xcassets */ = {isa = PBXFileReference; lastKnownFileType = folder.assetcatalog; path = Assets.xcassets; sourceTree = "<group>"; };
		3DAE517024E3EEE6000E3284 /* Preview Assets.xcassets */ = {isa = PBXFileReference; lastKnownFileType = folder.assetcatalog; path = "Preview Assets.xcassets"; sourceTree = "<group>"; };
		3DAE517324E3EEE6000E3284 /* Base */ = {isa = PBXFileReference; lastKnownFileType = file.storyboard; name = Base; path = Base.lproj/LaunchScreen.storyboard; sourceTree = "<group>"; };
		3DAE517524E3EEE6000E3284 /* Info.plist */ = {isa = PBXFileReference; lastKnownFileType = text.plist.xml; path = Info.plist; sourceTree = "<group>"; };
		3DBCB06C25E795B300F6440C /* ToDoCoreDataClass.swift */ = {isa = PBXFileReference; lastKnownFileType = sourcecode.swift; path = ToDoCoreDataClass.swift; sourceTree = "<group>"; };
		3DBCB06F25E795DE00F6440C /* ToDoCoreDataProperties.swift */ = {isa = PBXFileReference; lastKnownFileType = sourcecode.swift; path = ToDoCoreDataProperties.swift; sourceTree = "<group>"; };
		BA31EDD98BCBE5A87ACA43B9 /* Pods-MyTodoApp.debug.xcconfig */ = {isa = PBXFileReference; includeInIndex = 1; lastKnownFileType = text.xcconfig; name = "Pods-MyTodoApp.debug.xcconfig"; path = "Target Support Files/Pods-MyTodoApp/Pods-MyTodoApp.debug.xcconfig"; sourceTree = "<group>"; };
/* End PBXFileReference section */

/* Begin PBXFrameworksBuildPhase section */
		3DAE515E24E3EEE5000E3284 /* Frameworks */ = {
			isa = PBXFrameworksBuildPhase;
			buildActionMask = 2147483647;
			files = (
				07FCB47E9D120C43B71B6531 /* Pods_MyTodoApp.framework in Frameworks */,
			);
			runOnlyForDeploymentPostprocessing = 0;
		};
/* End PBXFrameworksBuildPhase section */

/* Begin PBXGroup section */
		3DAE515824E3EEE5000E3284 = {
			isa = PBXGroup;
			children = (
				3DBCB06F25E795DE00F6440C /* ToDoCoreDataProperties.swift */,
				3DBCB06C25E795B300F6440C /* ToDoCoreDataClass.swift */,
				3DAE516324E3EEE5000E3284 /* MyTodoApp */,
				3DAE516224E3EEE5000E3284 /* Products */,
				9AFD4F054F47CD0A862873FD /* Pods */,
				AE90AA2B5F4B76C4DD7B3BBF /* Frameworks */,
			);
			sourceTree = "<group>";
		};
		3DAE516224E3EEE5000E3284 /* Products */ = {
			isa = PBXGroup;
			children = (
				3DAE516124E3EEE5000E3284 /* MyTodoApp.app */,
			);
			name = Products;
			sourceTree = "<group>";
		};
		3DAE516324E3EEE5000E3284 /* MyTodoApp */ = {
			isa = PBXGroup;
			children = (
				3D8F400025E537CD0069D221 /* MyTodoApp.entitlements */,
				3D702C4A25E78AB400E4F759 /* MyTodoAppApp.swift */,
				3DAE516B24E3EEE5000E3284 /* ToDoItemListView.swift */,
				3D815E4525DAC045006CA8AE /* AddToDoItemView.swift */,
				3D702C6F25E78B8D00E4F759 /* Persistence.swift */,
				3DAE517524E3EEE6000E3284 /* Info.plist */,
				3DAE516824E3EEE5000E3284 /* MyTodoApp.xcdatamodeld */,
				3DAE517224E3EEE6000E3284 /* LaunchScreen.storyboard */,
				3DAE516D24E3EEE6000E3284 /* Assets.xcassets */,
				3DAE516F24E3EEE6000E3284 /* Preview Content */,
			);
			path = MyTodoApp;
			sourceTree = "<group>";
		};
		3DAE516F24E3EEE6000E3284 /* Preview Content */ = {
			isa = PBXGroup;
			children = (
				3DAE517024E3EEE6000E3284 /* Preview Assets.xcassets */,
			);
			path = "Preview Content";
			sourceTree = "<group>";
		};
		9AFD4F054F47CD0A862873FD /* Pods */ = {
			isa = PBXGroup;
			children = (
				BA31EDD98BCBE5A87ACA43B9 /* Pods-MyTodoApp.debug.xcconfig */,
				3D4A6CF85BC2F29CACC8CE73 /* Pods-MyTodoApp.release.xcconfig */,
			);
			path = Pods;
			sourceTree = "<group>";
		};
		AE90AA2B5F4B76C4DD7B3BBF /* Frameworks */ = {
			isa = PBXGroup;
			children = (
				0843E641863D2C4B88F4E133 /* Pods_MyTodoApp.framework */,
			);
			name = Frameworks;
			sourceTree = "<group>";
		};
/* End PBXGroup section */

/* Begin PBXNativeTarget section */
		3DAE516024E3EEE5000E3284 /* MyTodoApp */ = {
			isa = PBXNativeTarget;
			buildConfigurationList = 3DAE517824E3EEE6000E3284 /* Build configuration list for PBXNativeTarget "MyTodoApp" */;
			buildPhases = (
				C2D2E07219E13F9870CD6524 /* [CP] Check Pods Manifest.lock */,
				3DAE515D24E3EEE5000E3284 /* Sources */,
				3DAE515E24E3EEE5000E3284 /* Frameworks */,
				3DAE515F24E3EEE5000E3284 /* Resources */,
				D6C95895B7FE47EB94B5443F /* [CP] Embed Pods Frameworks */,
			);
			buildRules = (
			);
			dependencies = (
			);
			name = MyTodoApp;
			productName = MyTodoApp;
			productReference = 3DAE516124E3EEE5000E3284 /* MyTodoApp.app */;
			productType = "com.apple.product-type.application";
		};
/* End PBXNativeTarget section */

/* Begin PBXProject section */
		3DAE515924E3EEE5000E3284 /* Project object */ = {
			isa = PBXProject;
			attributes = {
				LastSwiftUpdateCheck = 1150;
				LastUpgradeCheck = 1240;
				ORGANIZATIONNAME = Suhyun;
				TargetAttributes = {
					3DAE516024E3EEE5000E3284 = {
						CreatedOnToolsVersion = 11.5;
					};
				};
			};
			buildConfigurationList = 3DAE515C24E3EEE5000E3284 /* Build configuration list for PBXProject "MyTodoApp" */;
			compatibilityVersion = "Xcode 9.3";
			developmentRegion = en;
			hasScannedForEncodings = 0;
			knownRegions = (
				en,
				Base,
			);
			mainGroup = 3DAE515824E3EEE5000E3284;
			productRefGroup = 3DAE516224E3EEE5000E3284 /* Products */;
			projectDirPath = "";
			projectRoot = "";
			targets = (
				3DAE516024E3EEE5000E3284 /* MyTodoApp */,
			);
		};
/* End PBXProject section */

/* Begin PBXResourcesBuildPhase section */
		3DAE515F24E3EEE5000E3284 /* Resources */ = {
			isa = PBXResourcesBuildPhase;
			buildActionMask = 2147483647;
			files = (
				3DAE517424E3EEE6000E3284 /* LaunchScreen.storyboard in Resources */,
				3DAE517124E3EEE6000E3284 /* Preview Assets.xcassets in Resources */,
				3DAE516E24E3EEE6000E3284 /* Assets.xcassets in Resources */,
			);
			runOnlyForDeploymentPostprocessing = 0;
		};
/* End PBXResourcesBuildPhase section */

/* Begin PBXShellScriptBuildPhase section */
		C2D2E07219E13F9870CD6524 /* [CP] Check Pods Manifest.lock */ = {
			isa = PBXShellScriptBuildPhase;
			buildActionMask = 2147483647;
			files = (
			);
			inputFileListPaths = (
			);
			inputPaths = (
				"${PODS_PODFILE_DIR_PATH}/Podfile.lock",
				"${PODS_ROOT}/Manifest.lock",
			);
			name = "[CP] Check Pods Manifest.lock";
			outputFileListPaths = (
			);
			outputPaths = (
				"$(DERIVED_FILE_DIR)/Pods-MyTodoApp-checkManifestLockResult.txt",
			);
			runOnlyForDeploymentPostprocessing = 0;
			shellPath = /bin/sh;
			shellScript = "diff \"${PODS_PODFILE_DIR_PATH}/Podfile.lock\" \"${PODS_ROOT}/Manifest.lock\" > /dev/null\nif [ $? != 0 ] ; then\n    # print error to STDERR\n    echo \"error: The sandbox is not in sync with the Podfile.lock. Run 'pod install' or update your CocoaPods installation.\" >&2\n    exit 1\nfi\n# This output is used by Xcode 'outputs' to avoid re-running this script phase.\necho \"SUCCESS\" > \"${SCRIPT_OUTPUT_FILE_0}\"\n";
			showEnvVarsInLog = 0;
		};
		D6C95895B7FE47EB94B5443F /* [CP] Embed Pods Frameworks */ = {
			isa = PBXShellScriptBuildPhase;
			buildActionMask = 2147483647;
			files = (
			);
			inputFileListPaths = (
				"${PODS_ROOT}/Target Support Files/Pods-MyTodoApp/Pods-MyTodoApp-frameworks-${CONFIGURATION}-input-files.xcfilelist",
			);
			name = "[CP] Embed Pods Frameworks";
			outputFileListPaths = (
				"${PODS_ROOT}/Target Support Files/Pods-MyTodoApp/Pods-MyTodoApp-frameworks-${CONFIGURATION}-output-files.xcfilelist",
			);
			runOnlyForDeploymentPostprocessing = 0;
			shellPath = /bin/sh;
			shellScript = "\"${PODS_ROOT}/Target Support Files/Pods-MyTodoApp/Pods-MyTodoApp-frameworks.sh\"\n";
			showEnvVarsInLog = 0;
		};
/* End PBXShellScriptBuildPhase section */

/* Begin PBXSourcesBuildPhase section */
		3DAE515D24E3EEE5000E3284 /* Sources */ = {
			isa = PBXSourcesBuildPhase;
			buildActionMask = 2147483647;
			files = (
				3D815E4625DAC045006CA8AE /* AddToDoItemView.swift in Sources */,
				3DAE516A24E3EEE5000E3284 /* MyTodoApp.xcdatamodeld in Sources */,
				3DAE516C24E3EEE5000E3284 /* ToDoItemListView.swift in Sources */,
				3DBCB06D25E795B300F6440C /* ToDoCoreDataClass.swift in Sources */,
				3D702C4B25E78AB400E4F759 /* MyTodoAppApp.swift in Sources */,
				3DBCB07025E795DE00F6440C /* ToDoCoreDataProperties.swift in Sources */,
				3D702C7025E78B8D00E4F759 /* Persistence.swift in Sources */,
			);
			runOnlyForDeploymentPostprocessing = 0;
		};
/* End PBXSourcesBuildPhase section */

/* Begin PBXVariantGroup section */
		3DAE517224E3EEE6000E3284 /* LaunchScreen.storyboard */ = {
			isa = PBXVariantGroup;
			children = (
				3DAE517324E3EEE6000E3284 /* Base */,
			);
			name = LaunchScreen.storyboard;
			sourceTree = "<group>";
		};
/* End PBXVariantGroup section */

/* Begin XCBuildConfiguration section */
		3DAE517624E3EEE6000E3284 /* Debug */ = {
			isa = XCBuildConfiguration;
			buildSettings = {
				ALWAYS_SEARCH_USER_PATHS = NO;
				CLANG_ANALYZER_NONNULL = YES;
				CLANG_ANALYZER_NUMBER_OBJECT_CONVERSION = YES_AGGRESSIVE;
				CLANG_CXX_LANGUAGE_STANDARD = "gnu++14";
				CLANG_CXX_LIBRARY = "libc++";
				CLANG_ENABLE_MODULES = YES;
				CLANG_ENABLE_OBJC_ARC = YES;
				CLANG_ENABLE_OBJC_WEAK = YES;
				CLANG_WARN_BLOCK_CAPTURE_AUTORELEASING = YES;
				CLANG_WARN_BOOL_CONVERSION = YES;
				CLANG_WARN_COMMA = YES;
				CLANG_WARN_CONSTANT_CONVERSION = YES;
				CLANG_WARN_DEPRECATED_OBJC_IMPLEMENTATIONS = YES;
				CLANG_WARN_DIRECT_OBJC_ISA_USAGE = YES_ERROR;
				CLANG_WARN_DOCUMENTATION_COMMENTS = YES;
				CLANG_WARN_EMPTY_BODY = YES;
				CLANG_WARN_ENUM_CONVERSION = YES;
				CLANG_WARN_INFINITE_RECURSION = YES;
				CLANG_WARN_INT_CONVERSION = YES;
				CLANG_WARN_NON_LITERAL_NULL_CONVERSION = YES;
				CLANG_WARN_OBJC_IMPLICIT_RETAIN_SELF = YES;
				CLANG_WARN_OBJC_LITERAL_CONVERSION = YES;
				CLANG_WARN_OBJC_ROOT_CLASS = YES_ERROR;
				CLANG_WARN_QUOTED_INCLUDE_IN_FRAMEWORK_HEADER = YES;
				CLANG_WARN_RANGE_LOOP_ANALYSIS = YES;
				CLANG_WARN_STRICT_PROTOTYPES = YES;
				CLANG_WARN_SUSPICIOUS_MOVE = YES;
				CLANG_WARN_UNGUARDED_AVAILABILITY = YES_AGGRESSIVE;
				CLANG_WARN_UNREACHABLE_CODE = YES;
				CLANG_WARN__DUPLICATE_METHOD_MATCH = YES;
				COPY_PHASE_STRIP = NO;
				DEBUG_INFORMATION_FORMAT = dwarf;
				ENABLE_STRICT_OBJC_MSGSEND = YES;
				ENABLE_TESTABILITY = YES;
				GCC_C_LANGUAGE_STANDARD = gnu11;
				GCC_DYNAMIC_NO_PIC = NO;
				GCC_NO_COMMON_BLOCKS = YES;
				GCC_OPTIMIZATION_LEVEL = 0;
				GCC_PREPROCESSOR_DEFINITIONS = (
					"DEBUG=1",
					"$(inherited)",
				);
				GCC_WARN_64_TO_32_BIT_CONVERSION = YES;
				GCC_WARN_ABOUT_RETURN_TYPE = YES_ERROR;
				GCC_WARN_UNDECLARED_SELECTOR = YES;
				GCC_WARN_UNINITIALIZED_AUTOS = YES_AGGRESSIVE;
				GCC_WARN_UNUSED_FUNCTION = YES;
				GCC_WARN_UNUSED_VARIABLE = YES;
				IPHONEOS_DEPLOYMENT_TARGET = 13.5;
				MTL_ENABLE_DEBUG_INFO = INCLUDE_SOURCE;
				MTL_FAST_MATH = YES;
				ONLY_ACTIVE_ARCH = YES;
				SDKROOT = iphoneos;
				SWIFT_ACTIVE_COMPILATION_CONDITIONS = DEBUG;
				SWIFT_OPTIMIZATION_LEVEL = "-Onone";
			};
			name = Debug;
		};
		3DAE517724E3EEE6000E3284 /* Release */ = {
			isa = XCBuildConfiguration;
			buildSettings = {
				ALWAYS_SEARCH_USER_PATHS = NO;
				CLANG_ANALYZER_NONNULL = YES;
				CLANG_ANALYZER_NUMBER_OBJECT_CONVERSION = YES_AGGRESSIVE;
				CLANG_CXX_LANGUAGE_STANDARD = "gnu++14";
				CLANG_CXX_LIBRARY = "libc++";
				CLANG_ENABLE_MODULES = YES;
				CLANG_ENABLE_OBJC_ARC = YES;
				CLANG_ENABLE_OBJC_WEAK = YES;
				CLANG_WARN_BLOCK_CAPTURE_AUTORELEASING = YES;
				CLANG_WARN_BOOL_CONVERSION = YES;
				CLANG_WARN_COMMA = YES;
				CLANG_WARN_CONSTANT_CONVERSION = YES;
				CLANG_WARN_DEPRECATED_OBJC_IMPLEMENTATIONS = YES;
				CLANG_WARN_DIRECT_OBJC_ISA_USAGE = YES_ERROR;
				CLANG_WARN_DOCUMENTATION_COMMENTS = YES;
				CLANG_WARN_EMPTY_BODY = YES;
				CLANG_WARN_ENUM_CONVERSION = YES;
				CLANG_WARN_INFINITE_RECURSION = YES;
				CLANG_WARN_INT_CONVERSION = YES;
				CLANG_WARN_NON_LITERAL_NULL_CONVERSION = YES;
				CLANG_WARN_OBJC_IMPLICIT_RETAIN_SELF = YES;
				CLANG_WARN_OBJC_LITERAL_CONVERSION = YES;
				CLANG_WARN_OBJC_ROOT_CLASS = YES_ERROR;
				CLANG_WARN_QUOTED_INCLUDE_IN_FRAMEWORK_HEADER = YES;
				CLANG_WARN_RANGE_LOOP_ANALYSIS = YES;
				CLANG_WARN_STRICT_PROTOTYPES = YES;
				CLANG_WARN_SUSPICIOUS_MOVE = YES;
				CLANG_WARN_UNGUARDED_AVAILABILITY = YES_AGGRESSIVE;
				CLANG_WARN_UNREACHABLE_CODE = YES;
				CLANG_WARN__DUPLICATE_METHOD_MATCH = YES;
				COPY_PHASE_STRIP = NO;
				DEBUG_INFORMATION_FORMAT = "dwarf-with-dsym";
				ENABLE_NS_ASSERTIONS = NO;
				ENABLE_STRICT_OBJC_MSGSEND = YES;
				GCC_C_LANGUAGE_STANDARD = gnu11;
				GCC_NO_COMMON_BLOCKS = YES;
				GCC_WARN_64_TO_32_BIT_CONVERSION = YES;
				GCC_WARN_ABOUT_RETURN_TYPE = YES_ERROR;
				GCC_WARN_UNDECLARED_SELECTOR = YES;
				GCC_WARN_UNINITIALIZED_AUTOS = YES_AGGRESSIVE;
				GCC_WARN_UNUSED_FUNCTION = YES;
				GCC_WARN_UNUSED_VARIABLE = YES;
				IPHONEOS_DEPLOYMENT_TARGET = 13.5;
				MTL_ENABLE_DEBUG_INFO = NO;
				MTL_FAST_MATH = YES;
				SDKROOT = iphoneos;
				SWIFT_COMPILATION_MODE = wholemodule;
				SWIFT_OPTIMIZATION_LEVEL = "-O";
				VALIDATE_PRODUCT = YES;
			};
			name = Release;
		};
		3DAE517924E3EEE6000E3284 /* Debug */ = {
			isa = XCBuildConfiguration;
			baseConfigurationReference = BA31EDD98BCBE5A87ACA43B9 /* Pods-MyTodoApp.debug.xcconfig */;
			buildSettings = {
				ASSETCATALOG_COMPILER_APPICON_NAME = AppIcon;
				CODE_SIGN_ENTITLEMENTS = MyTodoApp/MyTodoApp.entitlements;
				CODE_SIGN_IDENTITY = "Apple Development";
				CODE_SIGN_STYLE = Automatic;
				DEVELOPMENT_ASSET_PATHS = "\"MyTodoApp/Preview Content\"";
				DEVELOPMENT_TEAM = "";
				ENABLE_PREVIEWS = YES;
				INFOPLIST_FILE = MyTodoApp/Info.plist;
				IPHONEOS_DEPLOYMENT_TARGET = 14.1;
				LD_RUNPATH_SEARCH_PATHS = (
					"$(inherited)",
					"@executable_path/Frameworks",
				);
				PRODUCT_BUNDLE_IDENTIFIER = com.example.myapp.MyTodoApp;
				PRODUCT_NAME = "$(TARGET_NAME)";
				PROVISIONING_PROFILE_SPECIFIER = "";
				SWIFT_VERSION = 5.0;
				TARGETED_DEVICE_FAMILY = 1;
			};
			name = Debug;
		};
		3DAE517A24E3EEE6000E3284 /* Release */ = {
			isa = XCBuildConfiguration;
			baseConfigurationReference = 3D4A6CF85BC2F29CACC8CE73 /* Pods-MyTodoApp.release.xcconfig */;
			buildSettings = {
				ASSETCATALOG_COMPILER_APPICON_NAME = AppIcon;
				CODE_SIGN_ENTITLEMENTS = MyTodoApp/MyTodoApp.entitlements;
				CODE_SIGN_IDENTITY = "Apple Development";
				CODE_SIGN_STYLE = Automatic;
				DEVELOPMENT_ASSET_PATHS = "\"MyTodoApp/Preview Content\"";
				DEVELOPMENT_TEAM = "";
				ENABLE_PREVIEWS = YES;
				INFOPLIST_FILE = MyTodoApp/Info.plist;
				IPHONEOS_DEPLOYMENT_TARGET = 14.1;
				LD_RUNPATH_SEARCH_PATHS = (
					"$(inherited)",
					"@executable_path/Frameworks",
				);
				PRODUCT_BUNDLE_IDENTIFIER = com.example.myapp.MyTodoApp;
				PRODUCT_NAME = "$(TARGET_NAME)";
				PROVISIONING_PROFILE_SPECIFIER = "";
				SWIFT_VERSION = 5.0;
				TARGETED_DEVICE_FAMILY = 1;
			};
			name = Release;
		};
/* End XCBuildConfiguration section */

/* Begin XCConfigurationList section */
		3DAE515C24E3EEE5000E3284 /* Build configuration list for PBXProject "MyTodoApp" */ = {
			isa = XCConfigurationList;
			buildConfigurations = (
				3DAE517624E3EEE6000E3284 /* Debug */,
				3DAE517724E3EEE6000E3284 /* Release */,
			);
			defaultConfigurationIsVisible = 0;
			defaultConfigurationName = Release;
		};
		3DAE517824E3EEE6000E3284 /* Build configuration list for PBXNativeTarget "MyTodoApp" */ = {
			isa = XCConfigurationList;
			buildConfigurations = (
				3DAE517924E3EEE6000E3284 /* Debug */,
				3DAE517A24E3EEE6000E3284 /* Release */,
			);
			defaultConfigurationIsVisible = 0;
			defaultConfigurationName = Release;
		};
/* End XCConfigurationList section */

/* Begin XCVersionGroup section */
		3DAE516824E3EEE5000E3284 /* MyTodoApp.xcdatamodeld */ = {
			isa = XCVersionGroup;
			children = (
				3DAE516924E3EEE5000E3284 /* MyTodoApp.xcdatamodel */,
			);
			currentVersion = 3DAE516924E3EEE5000E3284 /* MyTodoApp.xcdatamodel */;
			path = MyTodoApp.xcdatamodeld;
			sourceTree = "<group>";
			versionGroupType = wrapper.xcdatamodel;
		};
/* End XCVersionGroup section */
	};
	rootObject = 3DAE515924E3EEE5000E3284 /* Project object */;
}
